// !$*UTF8*$!
{
	archiveVersion = 1;
	classes = {
	};
	objectVersion = 46;
	objects = {

/* Begin PBXBuildFile section */
		2B72F8E21DB64E3B00BBB484 /* AppDelegate.swift in Sources */ = {isa = PBXBuildFile; fileRef = 2B72F8E11DB64E3B00BBB484 /* AppDelegate.swift */; };
		2B72F8E41DB64E3B00BBB484 /* ViewController.swift in Sources */ = {isa = PBXBuildFile; fileRef = 2B72F8E31DB64E3B00BBB484 /* ViewController.swift */; };
		2B72F8E71DB64E3B00BBB484 /* Main.storyboard in Resources */ = {isa = PBXBuildFile; fileRef = 2B72F8E51DB64E3B00BBB484 /* Main.storyboard */; };
		2B72F8E91DB64E3B00BBB484 /* Assets.xcassets in Resources */ = {isa = PBXBuildFile; fileRef = 2B72F8E81DB64E3B00BBB484 /* Assets.xcassets */; };
		2B72F8EC1DB64E3B00BBB484 /* LaunchScreen.storyboard in Resources */ = {isa = PBXBuildFile; fileRef = 2B72F8EA1DB64E3B00BBB484 /* LaunchScreen.storyboard */; };
/* End PBXBuildFile section */

/* Begin PBXFileReference section */
		2B72F8DE1DB64E3B00BBB484 /* War.app */ = {isa = PBXFileReference; explicitFileType = wrapper.application; includeInIndex = 0; path = War.app; sourceTree = BUILT_PRODUCTS_DIR; };
		2B72F8E11DB64E3B00BBB484 /* AppDelegate.swift */ = {isa = PBXFileReference; lastKnownFileType = sourcecode.swift; path = AppDelegate.swift; sourceTree = "<group>"; };
		2B72F8E31DB64E3B00BBB484 /* ViewController.swift */ = {isa = PBXFileReference; lastKnownFileType = sourcecode.swift; path = ViewController.swift; sourceTree = "<group>"; };
		2B72F8E61DB64E3B00BBB484 /* Base */ = {isa = PBXFileReference; lastKnownFileType = file.storyboard; name = Base; path = Base.lproj/Main.storyboard; sourceTree = "<group>"; };
		2B72F8E81DB64E3B00BBB484 /* Assets.xcassets */ = {isa = PBXFileReference; lastKnownFileType = folder.assetcatalog; path = Assets.xcassets; sourceTree = "<group>"; };
		2B72F8EB1DB64E3B00BBB484 /* Base */ = {isa = PBXFileReference; lastKnownFileType = file.storyboard; name = Base; path = Base.lproj/LaunchScreen.storyboard; sourceTree = "<group>"; };
		2B72F8ED1DB64E3B00BBB484 /* Info.plist */ = {isa = PBXFileReference; lastKnownFileType = text.plist.xml; path = Info.plist; sourceTree = "<group>"; };
/* End PBXFileReference section */

/* Begin PBXFrameworksBuildPhase section */
		2B72F8DB1DB64E3B00BBB484 /* Frameworks */ = {
			isa = PBXFrameworksBuildPhase;
			buildActionMask = 2147483647;
			files = (
			);
			runOnlyForDeploymentPostprocessing = 0;
		};
/* End PBXFrameworksBuildPhase section */

/* Begin PBXGroup section */
		2B72F8D51DB64E3B00BBB484 = {
			isa = PBXGroup;
			children = (
				2B72F8E01DB64E3B00BBB484 /* War */,
				2B72F8DF1DB64E3B00BBB484 /* Products */,
			);
			sourceTree = "<group>";
		};
		2B72F8DF1DB64E3B00BBB484 /* Products */ = {
			isa = PBXGroup;
			children = (
				2B72F8DE1DB64E3B00BBB484 /* War.app */,
			);
			name = Products;
			sourceTree = "<group>";
		};
		2B72F8E01DB64E3B00BBB484 /* War */ = {
			isa = PBXGroup;
			children = (
				2B72F8E11DB64E3B00BBB484 /* AppDelegate.swift */,
				2B72F8E31DB64E3B00BBB484 /* ViewController.swift */,
				2B72F8E51DB64E3B00BBB484 /* Main.storyboard */,
				2B72F8E81DB64E3B00BBB484 /* Assets.xcassets */,
				2B72F8EA1DB64E3B00BBB484 /* LaunchScreen.storyboard */,
				2B72F8ED1DB64E3B00BBB484 /* Info.plist */,
			);
			path = War;
			sourceTree = "<group>";
		};
/* End PBXGroup section */

/* Begin PBXNativeTarget section */
		2B72F8DD1DB64E3B00BBB484 /* War */ = {
			isa = PBXNativeTarget;
			buildConfigurationList = 2B72F8F01DB64E3B00BBB484 /* Build configuration list for PBXNativeTarget "War" */;
			buildPhases = (
				2B72F8DA1DB64E3B00BBB484 /* Sources */,
				2B72F8DB1DB64E3B00BBB484 /* Frameworks */,
				2B72F8DC1DB64E3B00BBB484 /* Resources */,
			);
			buildRules = (
			);
			dependencies = (
			);
			name = War;
			productName = War;
			productReference = 2B72F8DE1DB64E3B00BBB484 /* War.app */;
			productType = "com.apple.product-type.application";
		};
/* End PBXNativeTarget section */

/* Begin PBXProject section */
		2B72F8D61DB64E3B00BBB484 /* Project object */ = {
			isa = PBXProject;
			attributes = {
				LastSwiftUpdateCheck = 0800;
				LastUpgradeCheck = 0800;
				ORGANIZATIONNAME = "Kyle Brown";
				TargetAttributes = {
					2B72F8DD1DB64E3B00BBB484 = {
						CreatedOnToolsVersion = 8.0;
						DevelopmentTeam = 6R43YP984W;
						ProvisioningStyle = Automatic;
					};
				};
			};
			buildConfigurationList = 2B72F8D91DB64E3B00BBB484 /* Build configuration list for PBXProject "War" */;
			compatibilityVersion = "Xcode 3.2";
			developmentRegion = English;
			hasScannedForEncodings = 0;
			knownRegions = (
				en,
				Base,
			);
			mainGroup = 2B72F8D51DB64E3B00BBB484;
			productRefGroup = 2B72F8DF1DB64E3B00BBB484 /* Products */;
			projectDirPath = "";
			projectRoot = "";
			targets = (
				2B72F8DD1DB64E3B00BBB484 /* War */,
			);
		};
/* End PBXProject section */

/* Begin PBXResourcesBuildPhase section */
		2B72F8DC1DB64E3B00BBB484 /* Resources */ = {
			isa = PBXResourcesBuildPhase;
			buildActionMask = 2147483647;
			files = (
				2B72F8EC1DB64E3B00BBB484 /* LaunchScreen.storyboard in Resources */,
				2B72F8E91DB64E3B00BBB484 /* Assets.xcassets in Resources */,
				2B72F8E71DB64E3B00BBB484 /* Main.storyboard in Resources */,
			);
			runOnlyForDeploymentPostprocessing = 0;
		};
/* End PBXResourcesBuildPhase section */

/* Begin PBXSourcesBuildPhase section */
		2B72F8DA1DB64E3B00BBB484 /* Sources */ = {
			isa = PBXSourcesBuildPhase;
			buildActionMask = 2147483647;
			files = (
				2B72F8E41DB64E3B00BBB484 /* ViewController.swift in Sources */,
				2B72F8E21DB64E3B00BBB484 /* AppDelegate.swift in Sources */,
			);
			runOnlyForDeploymentPostprocessing = 0;
		};
/* End PBXSourcesBuildPhase section */

/* Begin PBXVariantGroup section */
		2B72F8E51DB64E3B00BBB484 /* Main.storyboard */ = {
			isa = PBXVariantGroup;
			children = (
				2B72F8E61DB64E3B00BBB484 /* Base */,
			);
			name = Main.storyboard;
			sourceTree = "<group>";
		};
		2B72F8EA1DB64E3B00BBB484 /* LaunchScreen.storyboard */ = {
			isa = PBXVariantGroup;
			children = (
				2B72F8EB1DB64E3B00BBB484 /* Base */,
			);
			name = LaunchScreen.storyboard;
			sourceTree = "<group>";
		};
/* End PBXVariantGroup section */

/* Begin XCBuildConfiguration section */
		2B72F8EE1DB64E3B00BBB484 /* Debug */ = {
			isa = XCBuildConfiguration;
			buildSettings = {
				ALWAYS_SEARCH_USER_PATHS = NO;
				CLANG_ANALYZER_NONNULL = YES;
				CLANG_CXX_LANGUAGE_STANDARD = "gnu++0x";
				CLANG_CXX_LIBRARY = "libc++";
				CLANG_ENABLE_MODULES = YES;
				CLANG_ENABLE_OBJC_ARC = YES;
				CLANG_WARN_BOOL_CONVERSION = YES;
				CLANG_WARN_CONSTANT_CONVERSION = YES;
				CLANG_WARN_DIRECT_OBJC_ISA_USAGE = YES_ERROR;
				CLANG_WARN_DOCUMENTATION_COMMENTS = YES;
				CLANG_WARN_EMPTY_BODY = YES;
				CLANG_WARN_ENUM_CONVERSION = YES;
				CLANG_WARN_INFINITE_RECURSION = YES;
				CLANG_WARN_INT_CONVERSION = YES;
				CLANG_WARN_OBJC_ROOT_CLASS = YES_ERROR;
				CLANG_WARN_SUSPICIOUS_MOVES = YES;
				CLANG_WARN_UNREACHABLE_CODE = YES;
				CLANG_WARN__DUPLICATE_METHOD_MATCH = YES;
				"CODE_SIGN_IDENTITY[sdk=iphoneos*]" = "iPhone Developer";
				COPY_PHASE_STRIP = NO;
				DEBUG_INFORMATION_FORMAT = dwarf;
				ENABLE_STRICT_OBJC_MSGSEND = YES;
				ENABLE_TESTABILITY = YES;
				GCC_C_LANGUAGE_STANDARD = gnu99;
				GCC_DYNAMIC_NO_PIC = NO;
				GCC_NO_COMMON_BLOCKS = YES;
				GCC_OPTIMIZATION_LEVEL = 0;
				GCC_PREPROCESSOR_DEFINITIONS = (
					"DEBUG=1",
					"$(inherited)",
				);
				GCC_WARN_64_TO_32_BIT_CONVERSION = YES;
				GCC_WARN_ABOUT_RETURN_TYPE = YES_ERROR;
				GCC_WARN_UNDECLARED_SELECTOR = YES;
				GCC_WARN_UNINITIALIZED_AUTOS = YES_AGGRESSIVE;
				GCC_WARN_UNUSED_FUNCTION = YES;
				GCC_WARN_UNUSED_VARIABLE = YES;
				IPHONEOS_DEPLOYMENT_TARGET = 10.0;
				MTL_ENABLE_DEBUG_INFO = YES;
				ONLY_ACTIVE_ARCH = YES;
				SDKROOT = iphoneos;
				SWIFT_ACTIVE_COMPILATION_CONDITIONS = DEBUG;
				SWIFT_OPTIMIZATION_LEVEL = "-Onone";
			};
			name = Debug;
		};
		2B72F8EF1DB64E3B00BBB484 /* Release */ = {
			isa = XCBuildConfiguration;
			buildSettings = {
				ALWAYS_SEARCH_USER_PATHS = NO;
				CLANG_ANALYZER_NONNULL = YES;
				CLANG_CXX_LANGUAGE_STANDARD = "gnu++0x";
				CLANG_CXX_LIBRARY = "libc++";
				CLANG_ENABLE_MODULES = YES;
				CLANG_ENABLE_OBJC_ARC = YES;
				CLANG_WARN_BOOL_CONVERSION = YES;
				CLANG_WARN_CONSTANT_CONVERSION = YES;
				CLANG_WARN_DIRECT_OBJC_ISA_USAGE = YES_ERROR;
				CLANG_WARN_DOCUMENTATION_COMMENTS = YES;
				CLANG_WARN_EMPTY_BODY = YES;
				CLANG_WARN_ENUM_CONVERSION = YES;
				CLANG_WARN_INFINITE_RECURSION = YES;
				CLANG_WARN_INT_CONVERSION = YES;
				CLANG_WARN_OBJC_ROOT_CLASS = YES_ERROR;
				CLANG_WARN_SUSPICIOUS_MOVES = YES;
				CLANG_WARN_UNREACHABLE_CODE = YES;
				CLANG_WARN__DUPLICATE_METHOD_MATCH = YES;
				"CODE_SIGN_IDENTITY[sdk=iphoneos*]" = "iPhone Developer";
				COPY_PHASE_STRIP = NO;
				DEBUG_INFORMATION_FORMAT = "dwarf-with-dsym";
				ENABLE_NS_ASSERTIONS = NO;
				ENABLE_STRICT_OBJC_MSGSEND = YES;
				GCC_C_LANGUAGE_STANDARD = gnu99;
				GCC_NO_COMMON_BLOCKS = YES;
				GCC_WARN_64_TO_32_BIT_CONVERSION = YES;
				GCC_WARN_ABOUT_RETURN_TYPE = YES_ERROR;
				GCC_WARN_UNDECLARED_SELECTOR = YES;
				GCC_WARN_UNINITIALIZED_AUTOS = YES_AGGRESSIVE;
				GCC_WARN_UNUSED_FUNCTION = YES;
				GCC_WARN_UNUSED_VARIABLE = YES;
				IPHONEOS_DEPLOYMENT_TARGET = 10.0;
				MTL_ENABLE_DEBUG_INFO = NO;
				SDKROOT = iphoneos;
				SWIFT_OPTIMIZATION_LEVEL = "-Owholemodule";
				VALIDATE_PRODUCT = YES;
			};
			name = Release;
		};
		2B72F8F11DB64E3B00BBB484 /* Debug */ = {
			isa = XCBuildConfiguration;
			buildSettings = {
				ASSETCATALOG_COMPILER_APPICON_NAME = AppIcon;
				DEVELOPMENT_TEAM = 6R43YP984W;
				INFOPLIST_FILE = War/Info.plist;
				LD_RUNPATH_SEARCH_PATHS = "$(inherited) @executable_path/Frameworks";
				PRODUCT_BUNDLE_IDENTIFIER = com.kylebrown.War;
				PRODUCT_NAME = "$(TARGET_NAME)";
				SWIFT_VERSION = 3.0;
			};
			name = Debug;
		};
		2B72F8F21DB64E3B00BBB484 /* Release */ = {
			isa = XCBuildConfiguration;
			buildSettings = {
				ASSETCATALOG_COMPILER_APPICON_NAME = AppIcon;
				DEVELOPMENT_TEAM = 6R43YP984W;
				INFOPLIST_FILE = War/Info.plist;
				LD_RUNPATH_SEARCH_PATHS = "$(inherited) @executable_path/Frameworks";
				PRODUCT_BUNDLE_IDENTIFIER = com.kylebrown.War;
				PRODUCT_NAME = "$(TARGET_NAME)";
				SWIFT_VERSION = 3.0;
			};
			name = Release;
		};
/* End XCBuildConfiguration section */

/* Begin XCConfigurationList section */
		2B72F8D91DB64E3B00BBB484 /* Build configuration list for PBXProject "War" */ = {
			isa = XCConfigurationList;
			buildConfigurations = (
				2B72F8EE1DB64E3B00BBB484 /* Debug */,
				2B72F8EF1DB64E3B00BBB484 /* Release */,
			);
			defaultConfigurationIsVisible = 0;
			defaultConfigurationName = Release;
		};
		2B72F8F01DB64E3B00BBB484 /* Build configuration list for PBXNativeTarget "War" */ = {
			isa = XCConfigurationList;
			buildConfigurations = (
				2B72F8F11DB64E3B00BBB484 /* Debug */,
				2B72F8F21DB64E3B00BBB484 /* Release */,
			);
			defaultConfigurationIsVisible = 0;
			defaultConfigurationName = Release;
		};
/* End XCConfigurationList section */
	};
	rootObject = 2B72F8D61DB64E3B00BBB484 /* Project object */;
}
